// !$*UTF8*$!
{
	archiveVersion = 1;
	classes = {
	};
	objectVersion = 77;
	objects = {

/* Begin PBXContainerItemProxy section */
		F4DB75E92DE85A4400BB91E4 /* PBXContainerItemProxy */ = {
			isa = PBXContainerItemProxy;
			containerPortal = F4DB75D02DE85A4300BB91E4 /* Project object */;
			proxyType = 1;
			remoteGlobalIDString = F4DB75D72DE85A4300BB91E4;
			remoteInfo = EnglishPhrases;
		};
		F4DB75F32DE85A4400BB91E4 /* PBXContainerItemProxy */ = {
			isa = PBXContainerItemProxy;
			containerPortal = F4DB75D02DE85A4300BB91E4 /* Project object */;
			proxyType = 1;
			remoteGlobalIDString = F4DB75D72DE85A4300BB91E4;
			remoteInfo = EnglishPhrases;
		};
/* End PBXContainerItemProxy section */

/* Begin PBXFileReference section */
		F4DB75D82DE85A4300BB91E4 /* EnglishPhrases.app */ = {isa = PBXFileReference; explicitFileType = wrapper.application; includeInIndex = 0; path = EnglishPhrases.app; sourceTree = BUILT_PRODUCTS_DIR; };
		F4DB75E82DE85A4400BB91E4 /* EnglishPhrasesTests.xctest */ = {isa = PBXFileReference; explicitFileType = wrapper.cfbundle; includeInIndex = 0; path = EnglishPhrasesTests.xctest; sourceTree = BUILT_PRODUCTS_DIR; };
		F4DB75F22DE85A4400BB91E4 /* EnglishPhrasesUITests.xctest */ = {isa = PBXFileReference; explicitFileType = wrapper.cfbundle; includeInIndex = 0; path = EnglishPhrasesUITests.xctest; sourceTree = BUILT_PRODUCTS_DIR; };
/* End PBXFileReference section */

/* Begin PBXFileSystemSynchronizedRootGroup section */
		F4DB75DA2DE85A4300BB91E4 /* EnglishPhrases */ = {
			isa = PBXFileSystemSynchronizedRootGroup;
			path = EnglishPhrases;
			sourceTree = "<group>";
		};
		F4DB75EB2DE85A4400BB91E4 /* EnglishPhrasesTests */ = {
			isa = PBXFileSystemSynchronizedRootGroup;
			path = EnglishPhrasesTests;
			sourceTree = "<group>";
		};
		F4DB75F52DE85A4400BB91E4 /* EnglishPhrasesUITests */ = {
			isa = PBXFileSystemSynchronizedRootGroup;
			path = EnglishPhrasesUITests;
			sourceTree = "<group>";
		};
/* End PBXFileSystemSynchronizedRootGroup section */

/* Begin PBXFrameworksBuildPhase section */
		F4DB75D52DE85A4300BB91E4 /* Frameworks */ = {
			isa = PBXFrameworksBuildPhase;
			buildActionMask = 2147483647;
			files = (
			);
			runOnlyForDeploymentPostprocessing = 0;
		};
		F4DB75E52DE85A4400BB91E4 /* Frameworks */ = {
			isa = PBXFrameworksBuildPhase;
			buildActionMask = 2147483647;
			files = (
			);
			runOnlyForDeploymentPostprocessing = 0;
		};
		F4DB75EF2DE85A4400BB91E4 /* Frameworks */ = {
			isa = PBXFrameworksBuildPhase;
			buildActionMask = 2147483647;
			files = (
			);
			runOnlyForDeploymentPostprocessing = 0;
		};
/* End PBXFrameworksBuildPhase section */

/* Begin PBXGroup section */
		F4DB75CF2DE85A4300BB91E4 = {
			isa = PBXGroup;
			children = (
				F4DB75DA2DE85A4300BB91E4 /* EnglishPhrases */,
				F4DB75EB2DE85A4400BB91E4 /* EnglishPhrasesTests */,
				F4DB75F52DE85A4400BB91E4 /* EnglishPhrasesUITests */,
				F4DB75D92DE85A4300BB91E4 /* Products */,
			);
			sourceTree = "<group>";
		};
		F4DB75D92DE85A4300BB91E4 /* Products */ = {
			isa = PBXGroup;
			children = (
				F4DB75D82DE85A4300BB91E4 /* EnglishPhrases.app */,
				F4DB75E82DE85A4400BB91E4 /* EnglishPhrasesTests.xctest */,
				F4DB75F22DE85A4400BB91E4 /* EnglishPhrasesUITests.xctest */,
			);
			name = Products;
			sourceTree = "<group>";
		};
/* End PBXGroup section */

/* Begin PBXNativeTarget section */
		F4DB75D72DE85A4300BB91E4 /* EnglishPhrases */ = {
			isa = PBXNativeTarget;
			buildConfigurationList = F4DB75FC2DE85A4400BB91E4 /* Build configuration list for PBXNativeTarget "EnglishPhrases" */;
			buildPhases = (
				F4DB75D42DE85A4300BB91E4 /* Sources */,
				F4DB75D52DE85A4300BB91E4 /* Frameworks */,
				F4DB75D62DE85A4300BB91E4 /* Resources */,
			);
			buildRules = (
			);
			dependencies = (
			);
			fileSystemSynchronizedGroups = (
				F4DB75DA2DE85A4300BB91E4 /* EnglishPhrases */,
			);
			name = EnglishPhrases;
			packageProductDependencies = (
			);
			productName = EnglishPhrases;
			productReference = F4DB75D82DE85A4300BB91E4 /* EnglishPhrases.app */;
			productType = "com.apple.product-type.application";
		};
		F4DB75E72DE85A4400BB91E4 /* EnglishPhrasesTests */ = {
			isa = PBXNativeTarget;
			buildConfigurationList = F4DB75FF2DE85A4400BB91E4 /* Build configuration list for PBXNativeTarget "EnglishPhrasesTests" */;
			buildPhases = (
				F4DB75E42DE85A4400BB91E4 /* Sources */,
				F4DB75E52DE85A4400BB91E4 /* Frameworks */,
				F4DB75E62DE85A4400BB91E4 /* Resources */,
			);
			buildRules = (
			);
			dependencies = (
				F4DB75EA2DE85A4400BB91E4 /* PBXTargetDependency */,
			);
			fileSystemSynchronizedGroups = (
				F4DB75EB2DE85A4400BB91E4 /* EnglishPhrasesTests */,
			);
			name = EnglishPhrasesTests;
			packageProductDependencies = (
			);
			productName = EnglishPhrasesTests;
			productReference = F4DB75E82DE85A4400BB91E4 /* EnglishPhrasesTests.xctest */;
			productType = "com.apple.product-type.bundle.unit-test";
		};
		F4DB75F12DE85A4400BB91E4 /* EnglishPhrasesUITests */ = {
			isa = PBXNativeTarget;
			buildConfigurationList = F4DB76022DE85A4400BB91E4 /* Build configuration list for PBXNativeTarget "EnglishPhrasesUITests" */;
			buildPhases = (
				F4DB75EE2DE85A4400BB91E4 /* Sources */,
				F4DB75EF2DE85A4400BB91E4 /* Frameworks */,
				F4DB75F02DE85A4400BB91E4 /* Resources */,
			);
			buildRules = (
			);
			dependencies = (
				F4DB75F42DE85A4400BB91E4 /* PBXTargetDependency */,
			);
			fileSystemSynchronizedGroups = (
				F4DB75F52DE85A4400BB91E4 /* EnglishPhrasesUITests */,
			);
			name = EnglishPhrasesUITests;
			packageProductDependencies = (
			);
			productName = EnglishPhrasesUITests;
			productReference = F4DB75F22DE85A4400BB91E4 /* EnglishPhrasesUITests.xctest */;
			productType = "com.apple.product-type.bundle.ui-testing";
		};
/* End PBXNativeTarget section */

/* Begin PBXProject section */
		F4DB75D02DE85A4300BB91E4 /* Project object */ = {
			isa = PBXProject;
			attributes = {
				BuildIndependentTargetsInParallel = 1;
				LastSwiftUpdateCheck = 1620;
				LastUpgradeCheck = 1620;
				TargetAttributes = {
					F4DB75D72DE85A4300BB91E4 = {
						CreatedOnToolsVersion = 16.2;
					};
					F4DB75E72DE85A4400BB91E4 = {
						CreatedOnToolsVersion = 16.2;
						TestTargetID = F4DB75D72DE85A4300BB91E4;
					};
					F4DB75F12DE85A4400BB91E4 = {
						CreatedOnToolsVersion = 16.2;
						TestTargetID = F4DB75D72DE85A4300BB91E4;
					};
				};
			};
			buildConfigurationList = F4DB75D32DE85A4300BB91E4 /* Build configuration list for PBXProject "EnglishPhrases" */;
			developmentRegion = en;
			hasScannedForEncodings = 0;
			knownRegions = (
				en,
				Base,
			);
			mainGroup = F4DB75CF2DE85A4300BB91E4;
			minimizedProjectReferenceProxies = 1;
			preferredProjectObjectVersion = 77;
			productRefGroup = F4DB75D92DE85A4300BB91E4 /* Products */;
			projectDirPath = "";
			projectRoot = "";
			targets = (
				F4DB75D72DE85A4300BB91E4 /* EnglishPhrases */,
				F4DB75E72DE85A4400BB91E4 /* EnglishPhrasesTests */,
				F4DB75F12DE85A4400BB91E4 /* EnglishPhrasesUITests */,
			);
		};
/* End PBXProject section */

/* Begin PBXResourcesBuildPhase section */
		F4DB75D62DE85A4300BB91E4 /* Resources */ = {
			isa = PBXResourcesBuildPhase;
			buildActionMask = 2147483647;
			files = (
			);
			runOnlyForDeploymentPostprocessing = 0;
		};
		F4DB75E62DE85A4400BB91E4 /* Resources */ = {
			isa = PBXResourcesBuildPhase;
			buildActionMask = 2147483647;
			files = (
			);
			runOnlyForDeploymentPostprocessing = 0;
		};
		F4DB75F02DE85A4400BB91E4 /* Resources */ = {
			isa = PBXResourcesBuildPhase;
			buildActionMask = 2147483647;
			files = (
			);
			runOnlyForDeploymentPostprocessing = 0;
		};
/* End PBXResourcesBuildPhase section */

/* Begin PBXSourcesBuildPhase section */
		F4DB75D42DE85A4300BB91E4 /* Sources */ = {
			isa = PBXSourcesBuildPhase;
			buildActionMask = 2147483647;
			files = (
			);
			runOnlyForDeploymentPostprocessing = 0;
		};
		F4DB75E42DE85A4400BB91E4 /* Sources */ = {
			isa = PBXSourcesBuildPhase;
			buildActionMask = 2147483647;
			files = (
			);
			runOnlyForDeploymentPostprocessing = 0;
		};
		F4DB75EE2DE85A4400BB91E4 /* Sources */ = {
			isa = PBXSourcesBuildPhase;
			buildActionMask = 2147483647;
			files = (
			);
			runOnlyForDeploymentPostprocessing = 0;
		};
/* End PBXSourcesBuildPhase section */

/* Begin PBXTargetDependency section */
		F4DB75EA2DE85A4400BB91E4 /* PBXTargetDependency */ = {
			isa = PBXTargetDependency;
			target = F4DB75D72DE85A4300BB91E4 /* EnglishPhrases */;
			targetProxy = F4DB75E92DE85A4400BB91E4 /* PBXContainerItemProxy */;
		};
		F4DB75F42DE85A4400BB91E4 /* PBXTargetDependency */ = {
			isa = PBXTargetDependency;
			target = F4DB75D72DE85A4300BB91E4 /* EnglishPhrases */;
			targetProxy = F4DB75F32DE85A4400BB91E4 /* PBXContainerItemProxy */;
		};
/* End PBXTargetDependency section */

/* Begin XCBuildConfiguration section */
		F4DB75FA2DE85A4400BB91E4 /* Debug */ = {
			isa = XCBuildConfiguration;
			buildSettings = {
				ALWAYS_SEARCH_USER_PATHS = NO;
				ASSETCATALOG_COMPILER_GENERATE_SWIFT_ASSET_SYMBOL_EXTENSIONS = YES;
				CLANG_ANALYZER_NONNULL = YES;
				CLANG_ANALYZER_NUMBER_OBJECT_CONVERSION = YES_AGGRESSIVE;
				CLANG_CXX_LANGUAGE_STANDARD = "gnu++20";
				CLANG_ENABLE_MODULES = YES;
				CLANG_ENABLE_OBJC_ARC = YES;
				CLANG_ENABLE_OBJC_WEAK = YES;
				CLANG_WARN_BLOCK_CAPTURE_AUTORELEASING = YES;
				CLANG_WARN_BOOL_CONVERSION = YES;
				CLANG_WARN_COMMA = YES;
				CLANG_WARN_CONSTANT_CONVERSION = YES;
				CLANG_WARN_DEPRECATED_OBJC_IMPLEMENTATIONS = YES;
				CLANG_WARN_DIRECT_OBJC_ISA_USAGE = YES_ERROR;
				CLANG_WARN_DOCUMENTATION_COMMENTS = YES;
				CLANG_WARN_EMPTY_BODY = YES;
				CLANG_WARN_ENUM_CONVERSION = YES;
				CLANG_WARN_INFINITE_RECURSION = YES;
				CLANG_WARN_INT_CONVERSION = YES;
				CLANG_WARN_NON_LITERAL_NULL_CONVERSION = YES;
				CLANG_WARN_OBJC_IMPLICIT_RETAIN_SELF = YES;
				CLANG_WARN_OBJC_LITERAL_CONVERSION = YES;
				CLANG_WARN_OBJC_ROOT_CLASS = YES_ERROR;
				CLANG_WARN_QUOTED_INCLUDE_IN_FRAMEWORK_HEADER = YES;
				CLANG_WARN_RANGE_LOOP_ANALYSIS = YES;
				CLANG_WARN_STRICT_PROTOTYPES = YES;
				CLANG_WARN_SUSPICIOUS_MOVE = YES;
				CLANG_WARN_UNGUARDED_AVAILABILITY = YES_AGGRESSIVE;
				CLANG_WARN_UNREACHABLE_CODE = YES;
				CLANG_WARN__DUPLICATE_METHOD_MATCH = YES;
				COPY_PHASE_STRIP = NO;
				DEBUG_INFORMATION_FORMAT = dwarf;
				ENABLE_STRICT_OBJC_MSGSEND = YES;
				ENABLE_TESTABILITY = YES;
				ENABLE_USER_SCRIPT_SANDBOXING = YES;
				GCC_C_LANGUAGE_STANDARD = gnu17;
				GCC_DYNAMIC_NO_PIC = NO;
				GCC_NO_COMMON_BLOCKS = YES;
				GCC_OPTIMIZATION_LEVEL = 0;
				GCC_PREPROCESSOR_DEFINITIONS = (
					"DEBUG=1",
					"$(inherited)",
				);
				GCC_WARN_64_TO_32_BIT_CONVERSION = YES;
				GCC_WARN_ABOUT_RETURN_TYPE = YES_ERROR;
				GCC_WARN_UNDECLARED_SELECTOR = YES;
				GCC_WARN_UNINITIALIZED_AUTOS = YES_AGGRESSIVE;
				GCC_WARN_UNUSED_FUNCTION = YES;
				GCC_WARN_UNUSED_VARIABLE = YES;
				IPHONEOS_DEPLOYMENT_TARGET = 18.2;
				LOCALIZATION_PREFERS_STRING_CATALOGS = YES;
				MTL_ENABLE_DEBUG_INFO = INCLUDE_SOURCE;
				MTL_FAST_MATH = YES;
				ONLY_ACTIVE_ARCH = YES;
				SDKROOT = iphoneos;
				SWIFT_ACTIVE_COMPILATION_CONDITIONS = "DEBUG $(inherited)";
				SWIFT_OPTIMIZATION_LEVEL = "-Onone";
			};
			name = Debug;
		};
		F4DB75FB2DE85A4400BB91E4 /* Release */ = {
			isa = XCBuildConfiguration;
			buildSettings = {
				ALWAYS_SEARCH_USER_PATHS = NO;
				ASSETCATALOG_COMPILER_GENERATE_SWIFT_ASSET_SYMBOL_EXTENSIONS = YES;
				CLANG_ANALYZER_NONNULL = YES;
				CLANG_ANALYZER_NUMBER_OBJECT_CONVERSION = YES_AGGRESSIVE;
				CLANG_CXX_LANGUAGE_STANDARD = "gnu++20";
				CLANG_ENABLE_MODULES = YES;
				CLANG_ENABLE_OBJC_ARC = YES;
				CLANG_ENABLE_OBJC_WEAK = YES;
				CLANG_WARN_BLOCK_CAPTURE_AUTORELEASING = YES;
				CLANG_WARN_BOOL_CONVERSION = YES;
				CLANG_WARN_COMMA = YES;
				CLANG_WARN_CONSTANT_CONVERSION = YES;
				CLANG_WARN_DEPRECATED_OBJC_IMPLEMENTATIONS = YES;
				CLANG_WARN_DIRECT_OBJC_ISA_USAGE = YES_ERROR;
				CLANG_WARN_DOCUMENTATION_COMMENTS = YES;
				CLANG_WARN_EMPTY_BODY = YES;
				CLANG_WARN_ENUM_CONVERSION = YES;
				CLANG_WARN_INFINITE_RECURSION = YES;
				CLANG_WARN_INT_CONVERSION = YES;
				CLANG_WARN_NON_LITERAL_NULL_CONVERSION = YES;
				CLANG_WARN_OBJC_IMPLICIT_RETAIN_SELF = YES;
				CLANG_WARN_OBJC_LITERAL_CONVERSION = YES;
				CLANG_WARN_OBJC_ROOT_CLASS = YES_ERROR;
				CLANG_WARN_QUOTED_INCLUDE_IN_FRAMEWORK_HEADER = YES;
				CLANG_WARN_RANGE_LOOP_ANALYSIS = YES;
				CLANG_WARN_STRICT_PROTOTYPES = YES;
				CLANG_WARN_SUSPICIOUS_MOVE = YES;
				CLANG_WARN_UNGUARDED_AVAILABILITY = YES_AGGRESSIVE;
				CLANG_WARN_UNREACHABLE_CODE = YES;
				CLANG_WARN__DUPLICATE_METHOD_MATCH = YES;
				COPY_PHASE_STRIP = NO;
				DEBUG_INFORMATION_FORMAT = "dwarf-with-dsym";
				ENABLE_NS_ASSERTIONS = NO;
				ENABLE_STRICT_OBJC_MSGSEND = YES;
				ENABLE_USER_SCRIPT_SANDBOXING = YES;
				GCC_C_LANGUAGE_STANDARD = gnu17;
				GCC_NO_COMMON_BLOCKS = YES;
				GCC_WARN_64_TO_32_BIT_CONVERSION = YES;
				GCC_WARN_ABOUT_RETURN_TYPE = YES_ERROR;
				GCC_WARN_UNDECLARED_SELECTOR = YES;
				GCC_WARN_UNINITIALIZED_AUTOS = YES_AGGRESSIVE;
				GCC_WARN_UNUSED_FUNCTION = YES;
				GCC_WARN_UNUSED_VARIABLE = YES;
				IPHONEOS_DEPLOYMENT_TARGET = 18.2;
				LOCALIZATION_PREFERS_STRING_CATALOGS = YES;
				MTL_ENABLE_DEBUG_INFO = NO;
				MTL_FAST_MATH = YES;
				SDKROOT = iphoneos;
				SWIFT_COMPILATION_MODE = wholemodule;
				VALIDATE_PRODUCT = YES;
			};
			name = Release;
		};
		F4DB75FD2DE85A4400BB91E4 /* Debug */ = {
			isa = XCBuildConfiguration;
			buildSettings = {
				ASSETCATALOG_COMPILER_APPICON_NAME = AppIcon;
				ASSETCATALOG_COMPILER_GLOBAL_ACCENT_COLOR_NAME = AccentColor;
				CODE_SIGN_STYLE = Automatic;
				CURRENT_PROJECT_VERSION = 1;
				DEVELOPMENT_ASSET_PATHS = "\"EnglishPhrases/Preview Content\"";
				ENABLE_PREVIEWS = YES;
				GENERATE_INFOPLIST_FILE = YES;
				INFOPLIST_KEY_UIApplicationSceneManifest_Generation = YES;
				INFOPLIST_KEY_UIApplicationSupportsIndirectInputEvents = YES;
				INFOPLIST_KEY_UILaunchScreen_Generation = YES;
				INFOPLIST_KEY_UISupportedInterfaceOrientations_iPad = "UIInterfaceOrientationPortrait UIInterfaceOrientationPortraitUpsideDown UIInterfaceOrientationLandscapeLeft UIInterfaceOrientationLandscapeRight";
				INFOPLIST_KEY_UISupportedInterfaceOrientations_iPhone = "UIInterfaceOrientationPortrait UIInterfaceOrientationLandscapeLeft UIInterfaceOrientationLandscapeRight";
				LD_RUNPATH_SEARCH_PATHS = (
					"$(inherited)",
					"@executable_path/Frameworks",
				);
				MARKETING_VERSION = 1.0;
				PRODUCT_BUNDLE_IDENTIFIER = co.AyseGecgel.EnglishPhrases;
				PRODUCT_NAME = "$(TARGET_NAME)";
				SWIFT_EMIT_LOC_STRINGS = YES;
				SWIFT_VERSION = 5.0;
				TARGETED_DEVICE_FAMILY = "1,2";
			};
			name = Debug;
		};
		F4DB75FE2DE85A4400BB91E4 /* Release */ = {
			isa = XCBuildConfiguration;
			buildSettings = {
				ASSETCATALOG_COMPILER_APPICON_NAME = AppIcon;
				ASSETCATALOG_COMPILER_GLOBAL_ACCENT_COLOR_NAME = AccentColor;
				CODE_SIGN_STYLE = Automatic;
				CURRENT_PROJECT_VERSION = 1;
				DEVELOPMENT_ASSET_PATHS = "\"EnglishPhrases/Preview Content\"";
				ENABLE_PREVIEWS = YES;
				GENERATE_INFOPLIST_FILE = YES;
				INFOPLIST_KEY_UIApplicationSceneManifest_Generation = YES;
				INFOPLIST_KEY_UIApplicationSupportsIndirectInputEvents = YES;
				INFOPLIST_KEY_UILaunchScreen_Generation = YES;
				INFOPLIST_KEY_UISupportedInterfaceOrientations_iPad = "UIInterfaceOrientationPortrait UIInterfaceOrientationPortraitUpsideDown UIInterfaceOrientationLandscapeLeft UIInterfaceOrientationLandscapeRight";
				INFOPLIST_KEY_UISupportedInterfaceOrientations_iPhone = "UIInterfaceOrientationPortrait UIInterfaceOrientationLandscapeLeft UIInterfaceOrientationLandscapeRight";
				LD_RUNPATH_SEARCH_PATHS = (
					"$(inherited)",
					"@executable_path/Frameworks",
				);
				MARKETING_VERSION = 1.0;
				PRODUCT_BUNDLE_IDENTIFIER = co.AyseGecgel.EnglishPhrases;
				PRODUCT_NAME = "$(TARGET_NAME)";
				SWIFT_EMIT_LOC_STRINGS = YES;
				SWIFT_VERSION = 5.0;
				TARGETED_DEVICE_FAMILY = "1,2";
			};
			name = Release;
		};
		F4DB76002DE85A4400BB91E4 /* Debug */ = {
			isa = XCBuildConfiguration;
			buildSettings = {
				BUNDLE_LOADER = "$(TEST_HOST)";
				CODE_SIGN_STYLE = Automatic;
				CURRENT_PROJECT_VERSION = 1;
				GENERATE_INFOPLIST_FILE = YES;
				IPHONEOS_DEPLOYMENT_TARGET = 18.2;
				MARKETING_VERSION = 1.0;
				PRODUCT_BUNDLE_IDENTIFIER = co.AyseGecgel.EnglishPhrasesTests;
				PRODUCT_NAME = "$(TARGET_NAME)";
				SWIFT_EMIT_LOC_STRINGS = NO;
				SWIFT_VERSION = 5.0;
				TARGETED_DEVICE_FAMILY = "1,2";
				TEST_HOST = "$(BUILT_PRODUCTS_DIR)/EnglishPhrases.app/$(BUNDLE_EXECUTABLE_FOLDER_PATH)/EnglishPhrases";
			};
			name = Debug;
		};
		F4DB76012DE85A4400BB91E4 /* Release */ = {
			isa = XCBuildConfiguration;
			buildSettings = {
				BUNDLE_LOADER = "$(TEST_HOST)";
				CODE_SIGN_STYLE = Automatic;
				CURRENT_PROJECT_VERSION = 1;
				GENERATE_INFOPLIST_FILE = YES;
				IPHONEOS_DEPLOYMENT_TARGET = 18.2;
				MARKETING_VERSION = 1.0;
				PRODUCT_BUNDLE_IDENTIFIER = co.AyseGecgel.EnglishPhrasesTests;
				PRODUCT_NAME = "$(TARGET_NAME)";
				SWIFT_EMIT_LOC_STRINGS = NO;
				SWIFT_VERSION = 5.0;
				TARGETED_DEVICE_FAMILY = "1,2";
				TEST_HOST = "$(BUILT_PRODUCTS_DIR)/EnglishPhrases.app/$(BUNDLE_EXECUTABLE_FOLDER_PATH)/EnglishPhrases";
			};
			name = Release;
		};
		F4DB76032DE85A4400BB91E4 /* Debug */ = {
			isa = XCBuildConfiguration;
			buildSettings = {
				CODE_SIGN_STYLE = Automatic;
				CURRENT_PROJECT_VERSION = 1;
				GENERATE_INFOPLIST_FILE = YES;
				MARKETING_VERSION = 1.0;
				PRODUCT_BUNDLE_IDENTIFIER = co.AyseGecgel.EnglishPhrasesUITests;
				PRODUCT_NAME = "$(TARGET_NAME)";
				SWIFT_EMIT_LOC_STRINGS = NO;
				SWIFT_VERSION = 5.0;
				TARGETED_DEVICE_FAMILY = "1,2";
				TEST_TARGET_NAME = EnglishPhrases;
			};
			name = Debug;
		};
		F4DB76042DE85A4400BB91E4 /* Release */ = {
			isa = XCBuildConfiguration;
			buildSettings = {
				CODE_SIGN_STYLE = Automatic;
				CURRENT_PROJECT_VERSION = 1;
				GENERATE_INFOPLIST_FILE = YES;
				MARKETING_VERSION = 1.0;
				PRODUCT_BUNDLE_IDENTIFIER = co.AyseGecgel.EnglishPhrasesUITests;
				PRODUCT_NAME = "$(TARGET_NAME)";
				SWIFT_EMIT_LOC_STRINGS = NO;
				SWIFT_VERSION = 5.0;
				TARGETED_DEVICE_FAMILY = "1,2";
				TEST_TARGET_NAME = EnglishPhrases;
			};
			name = Release;
		};
/* End XCBuildConfiguration section */

/* Begin XCConfigurationList section */
		F4DB75D32DE85A4300BB91E4 /* Build configuration list for PBXProject "EnglishPhrases" */ = {
			isa = XCConfigurationList;
			buildConfigurations = (
				F4DB75FA2DE85A4400BB91E4 /* Debug */,
				F4DB75FB2DE85A4400BB91E4 /* Release */,
			);
			defaultConfigurationIsVisible = 0;
			defaultConfigurationName = Release;
		};
		F4DB75FC2DE85A4400BB91E4 /* Build configuration list for PBXNativeTarget "EnglishPhrases" */ = {
			isa = XCConfigurationList;
			buildConfigurations = (
				F4DB75FD2DE85A4400BB91E4 /* Debug */,
				F4DB75FE2DE85A4400BB91E4 /* Release */,
			);
			defaultConfigurationIsVisible = 0;
			defaultConfigurationName = Release;
		};
		F4DB75FF2DE85A4400BB91E4 /* Build configuration list for PBXNativeTarget "EnglishPhrasesTests" */ = {
			isa = XCConfigurationList;
			buildConfigurations = (
				F4DB76002DE85A4400BB91E4 /* Debug */,
				F4DB76012DE85A4400BB91E4 /* Release */,
			);
			defaultConfigurationIsVisible = 0;
			defaultConfigurationName = Release;
		};
		F4DB76022DE85A4400BB91E4 /* Build configuration list for PBXNativeTarget "EnglishPhrasesUITests" */ = {
			isa = XCConfigurationList;
			buildConfigurations = (
				F4DB76032DE85A4400BB91E4 /* Debug */,
				F4DB76042DE85A4400BB91E4 /* Release */,
			);
			defaultConfigurationIsVisible = 0;
			defaultConfigurationName = Release;
		};
/* End XCConfigurationList section */
	};
	rootObject = F4DB75D02DE85A4300BB91E4 /* Project object */;
}
